
Microsoft Visual Studio Solution File, Format Version 12.00
# Visual Studio Version 17
VisualStudioVersion = 17.2.32516.85
MinimumVisualStudioVersion = 10.0.40219.1
Project("{FAE04EC0-301F-11D3-BF4B-00C04F79EFBC}") = "IValidationAttributeAdapterProviderSample", "IValidationAttributeAdapterProviderSample\IValidationAttributeAdapterProviderSample.csproj", "{C1D6F6BA-B42A-4B17-B930-2EF4AAEB835B}"
EndProject
Global
	GlobalSection(SolutionConfigurationPlatforms) = preSolution
		Debug|Any CPU = Debug|Any CPU
		Release|Any CPU = Release|Any CPU
	EndGlobalSection
	GlobalSection(ProjectConfigurationPlatforms) = postSolution
		{C1D6F6BA-B42A-4B17-B930-2EF4AAEB835B}.Debug|Any CPU.ActiveCfg = Debug|Any CPU
		{C1D6F6BA-B42A-4B17-B930-2EF4AAEB835B}.Debug|Any CPU.Build.0 = Debug|Any CPU
		{C1D6F6BA-B42A-4B17-B930-2EF4AAEB835B}.Release|Any CPU.ActiveCfg = Release|Any CPU
		{C1D6F6BA-B42A-4B17-B930-2EF4AAEB835B}.Release|Any CPU.Build.0 = Release|Any CPU
	EndGlobalSection
	GlobalSection(SolutionProperties) = preSolution
		HideSolutionNode = FALSE
	EndGlobalSection
	GlobalSection(ExtensibilityGlobals) = postSolution
		SolutionGuid = {7909EA00-6AA6-471F-A8B4-8D371E5B11CD}
	EndGlobalSection
EndGlobal
